{
  "version": 4,
  "terraform_version": "1.6.3",
  "serial": 32,
  "lineage": "abec752d-c280-03e7-21c3-faa569915676",
  "outputs": {},
  "resources": [
    {
      "mode": "data",
      "type": "aws_availability_zones",
      "name": "available",
      "provider": "provider[\"registry.terraform.io/hashicorp/aws\"]",
      "instances": [
        {
          "schema_version": 0,
          "attributes": {
            "all_availability_zones": null,
            "exclude_names": null,
            "exclude_zone_ids": null,
            "filter": null,
            "group_names": [
              "us-east-1"
            ],
            "id": "us-east-1",
            "names": [
              "us-east-1a",
              "us-east-1b",
              "us-east-1c",
              "us-east-1d",
              "us-east-1e",
              "us-east-1f"
            ],
            "state": null,
            "timeouts": null,
            "zone_ids": [
              "use1-az2",
              "use1-az4",
              "use1-az6",
              "use1-az1",
              "use1-az3",
              "use1-az5"
            ]
          },
          "sensitive_attributes": []
        }
      ]
    },
    {
      "mode": "managed",
      "type": "aws_cloudwatch_log_group",
      "name": "log",
      "provider": "provider[\"registry.terraform.io/hashicorp/aws\"]",
      "instances": [
        {
          "schema_version": 0,
          "attributes": {
            "arn": "arn:aws:logs:us-east-1:315655993037:log-group:/aws/eks/plataforma-ead-plataforma-ead/cluster",
            "id": "/aws/eks/plataforma-ead-plataforma-ead/cluster",
            "kms_key_id": "",
            "name": "/aws/eks/plataforma-ead-plataforma-ead/cluster",
            "name_prefix": "",
            "retention_in_days": 30,
            "skip_destroy": false,
            "tags": {},
            "tags_all": {}
          },
          "sensitive_attributes": [],
          "private": "bnVsbA=="
        }
      ]
    },
    {
      "mode": "managed",
      "type": "aws_eks_cluster",
      "name": "cluster",
      "provider": "provider[\"registry.terraform.io/hashicorp/aws\"]",
      "instances": [
        {
          "schema_version": 0,
          "attributes": {
            "arn": "arn:aws:eks:us-east-1:315655993037:cluster/plataforma-ead-plataforma-ead",
            "certificate_authority": [
              {
                "data": "LS0tLS1CRUdJTiBDRVJUSUZJQ0FURS0tLS0tCk1JSURCVENDQWUyZ0F3SUJBZ0lJS084ZVdKeDhYK3d3RFFZSktvWklodmNOQVFFTEJRQXdGVEVUTUJFR0ExVUUKQXhNS2EzVmlaWEp1WlhSbGN6QWVGdzB5TXpFeE1URXhOREV4TWpGYUZ3MHpNekV4TURneE5ERTJNakZhTUJVeApFekFSQmdOVkJBTVRDbXQxWW1WeWJtVjBaWE13Z2dFaU1BMEdDU3FHU0liM0RRRUJBUVVBQTRJQkR3QXdnZ0VLCkFvSUJBUUMyNXRSU0ZDMDJOTFRHamVwc2RIRjNpb2ovaGZoQXBJaCtEcWUwTm8wRkdNdGI3ZUFXSFJ4Tm9teUoKbG43Vkg1bFdIVVJKczlKTlU5TkdmMTRmZGJZbEZ6eU1ROGtRbGFsMGhKeFppdkZWWjMwZHBYL2k5YmRzSHNsRgpxMmtneXB3RTdFMnVqYmRjWTdHdno3ZjdVb1lzcWgreDUvQ24zUm4yVWR2OVpOTHhqTGt3V0ROS09HTU1HbmhGClQ1YnVyU1lRNUxkeENpdlFvSlNZTE1NaHZsN3VZTzErako5YzIrRWNVS1I5OXNjdTJ2dkJMMEhSUjNhaTM2UGQKSitlWmQ1NUp5a1hDNDZHd0tOa0kwUW9qZ25taEF0YUN5ODdBREpaekkyNUJOTHFWekg3WDMvV09GNXhKOC84dgpwWkpSOE5QT2o3VEhtUWNoaUhRTURsQmVqUUp0QWdNQkFBR2pXVEJYTUE0R0ExVWREd0VCL3dRRUF3SUNwREFQCkJnTlZIUk1CQWY4RUJUQURBUUgvTUIwR0ExVWREZ1FXQkJRZXRpWHRhbkg3SW4zQTJaVUNPWlBmc1RlZ29qQVYKQmdOVkhSRUVEakFNZ2dwcmRXSmxjbTVsZEdWek1BMEdDU3FHU0liM0RRRUJDd1VBQTRJQkFRQWNxbVg0eHZFbApYVU44M1UzbmRBZDlMTjdmQmlvNW5HRFR0R3lCVnp5YmZ0azdOVmp3UyttaVJCOVhGdHRsbnNoQmlBb2xXeThUCkVXOWlTU2Q5cFdTN0p4d1Q3RlpYSUlnRkxyclNGdjBNbitPLzNSK2hqakhHZi9tQkN5blBlNEs4L3BKYW9nekkKQzcrVG9QZURTdHZySDVzcTVSY0wySUFoMVFMOWEzUWVDR2ZvRStVQUxZVHdqQ241em00cG8wRnM2N2h3YXYvbQpNNXFKR0hkWWtuUEo3RHZEd0kzaExvVkZDdEQvWjM3MWlJS2RvQUg1TWs0L0dKcVptcXhQYXJQaFdxRndkTmZOCmxKWm1CTTA4WlhoeGNnWVc5Z1NNWGFlWkw2M1B1dTcrazBCNlp2S1JIWnVickdxWlViTGlxQll0Q1Q3MlpMemkKYVJyTWdkdE4wMkdZCi0tLS0tRU5EIENFUlRJRklDQVRFLS0tLS0K"
              }
            ],
            "cluster_id": null,
            "created_at": "2023-11-11 14:11:30.826 +0000 UTC",
            "enabled_cluster_log_types": [
              "api",
              "audit"
            ],
            "encryption_config": [],
            "endpoint": "https://80D125418863F93DE07F8E28071DEC0E.gr7.us-east-1.eks.amazonaws.com",
            "id": "plataforma-ead-plataforma-ead",
            "identity": [
              {
                "oidc": [
                  {
                    "issuer": "https://oidc.eks.us-east-1.amazonaws.com/id/80D125418863F93DE07F8E28071DEC0E"
                  }
                ]
              }
            ],
            "kubernetes_network_config": [
              {
                "ip_family": "ipv4",
                "service_ipv4_cidr": "172.20.0.0/16",
                "service_ipv6_cidr": ""
              }
            ],
            "name": "plataforma-ead-plataforma-ead",
            "outpost_config": [],
            "platform_version": "eks.4",
            "role_arn": "arn:aws:iam::315655993037:role/plataforma-ead-plataforma-ead-role",
            "status": "ACTIVE",
            "tags": {},
            "tags_all": {},
            "timeouts": null,
            "version": "1.28",
            "vpc_config": [
              {
                "cluster_security_group_id": "sg-033e62d6e9732fc40",
                "endpoint_private_access": false,
                "endpoint_public_access": true,
                "public_access_cidrs": [
                  "0.0.0.0/0"
                ],
                "security_group_ids": [
                  "sg-01869c227c642917b"
                ],
                "subnet_ids": [
                  "subnet-089b28695a78dd600",
                  "subnet-0990e85bce4194c66"
                ],
                "vpc_id": "vpc-05049c29e8bffd0fe"
              }
            ]
          },
          "sensitive_attributes": [],
          "private": "eyJlMmJmYjczMC1lY2FhLTExZTYtOGY4OC0zNDM2M2JjN2M0YzAiOnsiY3JlYXRlIjoxODAwMDAwMDAwMDAwLCJkZWxldGUiOjkwMDAwMDAwMDAwMCwidXBkYXRlIjozNjAwMDAwMDAwMDAwfX0=",
          "dependencies": [
            "aws_cloudwatch_log_group.log",
            "aws_iam_role.cluster",
            "aws_iam_role_policy_attachment.cluster-AmazonEKSClusterPolicy",
            "aws_iam_role_policy_attachment.cluster-AmazonEKSVPCResourceController",
            "aws_security_group.sg",
            "aws_subnet.public-subnets",
            "aws_vpc.new-vpc",
            "data.aws_availability_zones.available"
          ]
        }
      ]
    },
    {
      "mode": "managed",
      "type": "aws_eks_node_group",
      "name": "node-1",
      "provider": "provider[\"registry.terraform.io/hashicorp/aws\"]",
      "instances": [
        {
          "schema_version": 0,
          "attributes": {
            "ami_type": "AL2_x86_64",
            "arn": "arn:aws:eks:us-east-1:315655993037:nodegroup/plataforma-ead-plataforma-ead/node-1/48c5df67-3d46-d3a8-232f-e5acb9064a96",
            "capacity_type": "ON_DEMAND",
            "cluster_name": "plataforma-ead-plataforma-ead",
            "disk_size": 20,
            "force_update_version": null,
            "id": "plataforma-ead-plataforma-ead:node-1",
            "instance_types": [
              "t3.micro"
            ],
            "labels": {},
            "launch_template": [],
            "node_group_name": "node-1",
            "node_group_name_prefix": "",
            "node_role_arn": "arn:aws:iam::315655993037:role/plataforma-ead-plataforma-ead-role-node",
            "release_version": "1.28.3-20231106",
            "remote_access": [],
            "resources": [
              {
                "autoscaling_groups": [
                  {
                    "name": "eks-node-1-48c5df67-3d46-d3a8-232f-e5acb9064a96"
                  }
                ],
                "remote_access_security_group_id": ""
              }
            ],
            "scaling_config": [
              {
                "desired_size": 1,
                "max_size": 2,
                "min_size": 1
              }
            ],
            "status": "ACTIVE",
            "subnet_ids": [
              "subnet-089b28695a78dd600",
              "subnet-0990e85bce4194c66"
            ],
            "tags": {},
            "tags_all": {},
            "taint": [],
            "timeouts": null,
            "update_config": [
              {
                "max_unavailable": 1,
                "max_unavailable_percentage": 0
              }
            ],
            "version": "1.28"
          },
          "sensitive_attributes": [],
          "private": "eyJlMmJmYjczMC1lY2FhLTExZTYtOGY4OC0zNDM2M2JjN2M0YzAiOnsiY3JlYXRlIjozNjAwMDAwMDAwMDAwLCJkZWxldGUiOjM2MDAwMDAwMDAwMDAsInVwZGF0ZSI6MzYwMDAwMDAwMDAwMH19",
          "dependencies": [
            "aws_cloudwatch_log_group.log",
            "aws_eks_cluster.cluster",
            "aws_iam_role.cluster",
            "aws_iam_role.node",
            "aws_iam_role_policy_attachment.cluster-AmazonEKSClusterPolicy",
            "aws_iam_role_policy_attachment.cluster-AmazonEKSVPCResourceController",
            "aws_iam_role_policy_attachment.node-AmazonEC2ContainerRegistryReadOnly",
            "aws_iam_role_policy_attachment.node-AmazonEKSWorkerNodePolicy",
            "aws_iam_role_policy_attachment.node-AmazonEKS_CNI_Policy",
            "aws_security_group.sg",
            "aws_subnet.public-subnets",
            "aws_vpc.new-vpc",
            "data.aws_availability_zones.available"
          ]
        }
      ]
    },
    {
      "mode": "managed",
      "type": "aws_iam_role",
      "name": "cluster",
      "provider": "provider[\"registry.terraform.io/hashicorp/aws\"]",
      "instances": [
        {
          "schema_version": 0,
          "attributes": {
            "arn": "arn:aws:iam::315655993037:role/plataforma-ead-plataforma-ead-role",
            "assume_role_policy": "{\"Statement\":[{\"Action\":\"sts:AssumeRole\",\"Effect\":\"Allow\",\"Principal\":{\"Service\":\"eks.amazonaws.com\"}}],\"Version\":\"2012-10-17\"}",
            "create_date": "2023-11-11T13:48:14Z",
            "description": "",
            "force_detach_policies": false,
            "id": "plataforma-ead-plataforma-ead-role",
            "inline_policy": [],
            "managed_policy_arns": [
              "arn:aws:iam::aws:policy/AmazonEKSClusterPolicy",
              "arn:aws:iam::aws:policy/AmazonEKSVPCResourceController"
            ],
            "max_session_duration": 3600,
            "name": "plataforma-ead-plataforma-ead-role",
            "name_prefix": "",
            "path": "/",
            "permissions_boundary": "",
            "tags": {},
            "tags_all": {},
            "unique_id": "AROAUS7UQG3GSA43HWV24"
          },
          "sensitive_attributes": [],
          "private": "bnVsbA=="
        }
      ]
    },
    {
      "mode": "managed",
      "type": "aws_iam_role",
      "name": "node",
      "provider": "provider[\"registry.terraform.io/hashicorp/aws\"]",
      "instances": [
        {
          "schema_version": 0,
          "attributes": {
            "arn": "arn:aws:iam::315655993037:role/plataforma-ead-plataforma-ead-role-node",
            "assume_role_policy": "{\"Statement\":[{\"Action\":\"sts:AssumeRole\",\"Effect\":\"Allow\",\"Principal\":{\"Service\":\"ec2.amazonaws.com\"}}],\"Version\":\"2012-10-17\"}",
            "create_date": "2023-11-11T14:29:48Z",
            "description": "",
            "force_detach_policies": false,
            "id": "plataforma-ead-plataforma-ead-role-node",
            "inline_policy": [],
            "managed_policy_arns": [
              "arn:aws:iam::aws:policy/AmazonEC2ContainerRegistryReadOnly",
              "arn:aws:iam::aws:policy/AmazonEKSWorkerNodePolicy",
              "arn:aws:iam::aws:policy/AmazonEKS_CNI_Policy"
            ],
            "max_session_duration": 3600,
            "name": "plataforma-ead-plataforma-ead-role-node",
            "name_prefix": "",
            "path": "/",
            "permissions_boundary": "",
            "tags": {},
            "tags_all": {},
            "unique_id": "AROAUS7UQG3GVT2J5OSXX"
          },
          "sensitive_attributes": [],
          "private": "bnVsbA=="
        }
      ]
    },
    {
      "mode": "managed",
      "type": "aws_iam_role_policy_attachment",
      "name": "cluster-AmazonEKSClusterPolicy",
      "provider": "provider[\"registry.terraform.io/hashicorp/aws\"]",
      "instances": [
        {
          "schema_version": 0,
          "attributes": {
            "id": "plataforma-ead-plataforma-ead-role-20231111135112352500000002",
            "policy_arn": "arn:aws:iam::aws:policy/AmazonEKSClusterPolicy",
            "role": "plataforma-ead-plataforma-ead-role"
          },
          "sensitive_attributes": [],
          "private": "bnVsbA==",
          "dependencies": [
            "aws_iam_role.cluster"
          ]
        }
      ]
    },
    {
      "mode": "managed",
      "type": "aws_iam_role_policy_attachment",
      "name": "cluster-AmazonEKSVPCResourceController",
      "provider": "provider[\"registry.terraform.io/hashicorp/aws\"]",
      "instances": [
        {
          "schema_version": 0,
          "attributes": {
            "id": "plataforma-ead-plataforma-ead-role-20231111135112296500000001",
            "policy_arn": "arn:aws:iam::aws:policy/AmazonEKSVPCResourceController",
            "role": "plataforma-ead-plataforma-ead-role"
          },
          "sensitive_attributes": [],
          "private": "bnVsbA==",
          "dependencies": [
            "aws_iam_role.cluster"
          ]
        }
      ]
    },
    {
      "mode": "managed",
      "type": "aws_iam_role_policy_attachment",
      "name": "node-AmazonEC2ContainerRegistryReadOnly",
      "provider": "provider[\"registry.terraform.io/hashicorp/aws\"]",
      "instances": [
        {
          "schema_version": 0,
          "attributes": {
            "id": "plataforma-ead-plataforma-ead-role-node-20231111143003105500000001",
            "policy_arn": "arn:aws:iam::aws:policy/AmazonEC2ContainerRegistryReadOnly",
            "role": "plataforma-ead-plataforma-ead-role-node"
          },
          "sensitive_attributes": [],
          "private": "bnVsbA==",
          "dependencies": [
            "aws_iam_role.node"
          ]
        }
      ]
    },
    {
      "mode": "managed",
      "type": "aws_iam_role_policy_attachment",
      "name": "node-AmazonEKSWorkerNodePolicy",
      "provider": "provider[\"registry.terraform.io/hashicorp/aws\"]",
      "instances": [
        {
          "schema_version": 0,
          "attributes": {
            "id": "plataforma-ead-plataforma-ead-role-node-20231111143003155700000002",
            "policy_arn": "arn:aws:iam::aws:policy/AmazonEKSWorkerNodePolicy",
            "role": "plataforma-ead-plataforma-ead-role-node"
          },
          "sensitive_attributes": [],
          "private": "bnVsbA==",
          "dependencies": [
            "aws_iam_role.node"
          ]
        }
      ]
    },
    {
      "mode": "managed",
      "type": "aws_iam_role_policy_attachment",
      "name": "node-AmazonEKS_CNI_Policy",
      "provider": "provider[\"registry.terraform.io/hashicorp/aws\"]",
      "instances": [
        {
          "schema_version": 0,
          "attributes": {
            "id": "plataforma-ead-plataforma-ead-role-node-20231111143003157400000003",
            "policy_arn": "arn:aws:iam::aws:policy/AmazonEKS_CNI_Policy",
            "role": "plataforma-ead-plataforma-ead-role-node"
          },
          "sensitive_attributes": [],
          "private": "bnVsbA==",
          "dependencies": [
            "aws_iam_role.node"
          ]
        }
      ]
    },
    {
      "mode": "managed",
      "type": "aws_internet_gateway",
      "name": "new-igw",
      "provider": "provider[\"registry.terraform.io/hashicorp/aws\"]",
      "instances": [
        {
          "schema_version": 0,
          "attributes": {
            "arn": "arn:aws:ec2:us-east-1:315655993037:internet-gateway/igw-05f06c76a9f1b106d",
            "id": "igw-05f06c76a9f1b106d",
            "owner_id": "315655993037",
            "tags": {
              "Name": "plataforma-ead-igw"
            },
            "tags_all": {
              "Name": "plataforma-ead-igw"
            },
            "timeouts": null,
            "vpc_id": "vpc-05049c29e8bffd0fe"
          },
          "sensitive_attributes": [],
          "private": "eyJlMmJmYjczMC1lY2FhLTExZTYtOGY4OC0zNDM2M2JjN2M0YzAiOnsiY3JlYXRlIjoxMjAwMDAwMDAwMDAwLCJkZWxldGUiOjEyMDAwMDAwMDAwMDAsInVwZGF0ZSI6MTIwMDAwMDAwMDAwMH19",
          "dependencies": [
            "aws_vpc.new-vpc"
          ]
        }
      ]
    },
    {
      "mode": "managed",
      "type": "aws_route_table",
      "name": "new-rtb",
      "provider": "provider[\"registry.terraform.io/hashicorp/aws\"]",
      "instances": [
        {
          "schema_version": 0,
          "attributes": {
            "arn": "arn:aws:ec2:us-east-1:315655993037:route-table/rtb-01cfd3ec321affc7f",
            "id": "rtb-01cfd3ec321affc7f",
            "owner_id": "315655993037",
            "propagating_vgws": [],
            "route": [
              {
                "carrier_gateway_id": "",
                "cidr_block": "0.0.0.0/0",
                "core_network_arn": "",
                "destination_prefix_list_id": "",
                "egress_only_gateway_id": "",
                "gateway_id": "igw-05f06c76a9f1b106d",
                "ipv6_cidr_block": "",
                "local_gateway_id": "",
                "nat_gateway_id": "",
                "network_interface_id": "",
                "transit_gateway_id": "",
                "vpc_endpoint_id": "",
                "vpc_peering_connection_id": ""
              }
            ],
            "tags": {
              "Name": "plataforma-ead-rtb"
            },
            "tags_all": {
              "Name": "plataforma-ead-rtb"
            },
            "timeouts": null,
            "vpc_id": "vpc-05049c29e8bffd0fe"
          },
          "sensitive_attributes": [],
          "private": "eyJlMmJmYjczMC1lY2FhLTExZTYtOGY4OC0zNDM2M2JjN2M0YzAiOnsiY3JlYXRlIjozMDAwMDAwMDAwMDAsImRlbGV0ZSI6MzAwMDAwMDAwMDAwLCJ1cGRhdGUiOjEyMDAwMDAwMDAwMH19",
          "dependencies": [
            "aws_internet_gateway.new-igw",
            "aws_vpc.new-vpc"
          ]
        }
      ]
    },
    {
      "mode": "managed",
      "type": "aws_route_table_association",
      "name": "new-rtb-association",
      "provider": "provider[\"registry.terraform.io/hashicorp/aws\"]",
      "instances": [
        {
          "index_key": 0,
          "schema_version": 0,
          "attributes": {
            "gateway_id": "",
            "id": "rtbassoc-0e90b4f17eeef1360",
            "route_table_id": "rtb-01cfd3ec321affc7f",
            "subnet_id": "subnet-089b28695a78dd600",
            "timeouts": null
          },
          "sensitive_attributes": [],
          "private": "eyJlMmJmYjczMC1lY2FhLTExZTYtOGY4OC0zNDM2M2JjN2M0YzAiOnsiY3JlYXRlIjozMDAwMDAwMDAwMDAsImRlbGV0ZSI6MzAwMDAwMDAwMDAwLCJ1cGRhdGUiOjEyMDAwMDAwMDAwMH19",
          "dependencies": [
            "aws_internet_gateway.new-igw",
            "aws_route_table.new-rtb",
            "aws_subnet.public-subnets",
            "aws_vpc.new-vpc",
            "data.aws_availability_zones.available"
          ]
        },
        {
          "index_key": 1,
          "schema_version": 0,
          "attributes": {
            "gateway_id": "",
            "id": "rtbassoc-0ebba9155d71a5c89",
            "route_table_id": "rtb-01cfd3ec321affc7f",
            "subnet_id": "subnet-0990e85bce4194c66",
            "timeouts": null
          },
          "sensitive_attributes": [],
          "private": "eyJlMmJmYjczMC1lY2FhLTExZTYtOGY4OC0zNDM2M2JjN2M0YzAiOnsiY3JlYXRlIjozMDAwMDAwMDAwMDAsImRlbGV0ZSI6MzAwMDAwMDAwMDAwLCJ1cGRhdGUiOjEyMDAwMDAwMDAwMH19",
          "dependencies": [
            "aws_internet_gateway.new-igw",
            "aws_route_table.new-rtb",
            "aws_subnet.public-subnets",
            "aws_vpc.new-vpc",
            "data.aws_availability_zones.available"
          ]
        }
      ]
    },
    {
      "mode": "managed",
      "type": "aws_security_group",
      "name": "sg",
      "provider": "provider[\"registry.terraform.io/hashicorp/aws\"]",
      "instances": [
        {
          "schema_version": 1,
          "attributes": {
            "arn": "arn:aws:ec2:us-east-1:315655993037:security-group/sg-01869c227c642917b",
            "description": "Managed by Terraform",
            "egress": [
              {
                "cidr_blocks": [
                  "0.0.0.0/0"
                ],
                "description": "",
                "from_port": 0,
                "ipv6_cidr_blocks": [],
                "prefix_list_ids": [],
                "protocol": "-1",
                "security_groups": [],
                "self": false,
                "to_port": 0
              }
            ],
            "id": "sg-01869c227c642917b",
            "ingress": [],
            "name": "terraform-20231111132218911300000001",
            "name_prefix": "terraform-",
            "owner_id": "315655993037",
            "revoke_rules_on_delete": false,
            "tags": {
              "Name": "plataforma-ead-sg"
            },
            "tags_all": {
              "Name": "plataforma-ead-sg"
            },
            "timeouts": null,
            "vpc_id": "vpc-05049c29e8bffd0fe"
          },
          "sensitive_attributes": [],
          "private": "eyJlMmJmYjczMC1lY2FhLTExZTYtOGY4OC0zNDM2M2JjN2M0YzAiOnsiY3JlYXRlIjo2MDAwMDAwMDAwMDAsImRlbGV0ZSI6OTAwMDAwMDAwMDAwfSwic2NoZW1hX3ZlcnNpb24iOiIxIn0=",
          "dependencies": [
            "aws_vpc.new-vpc"
          ]
        }
      ]
    },
    {
      "mode": "managed",
      "type": "aws_subnet",
      "name": "public-subnets",
      "provider": "provider[\"registry.terraform.io/hashicorp/aws\"]",
      "instances": [
        {
          "index_key": 0,
          "schema_version": 1,
          "attributes": {
            "arn": "arn:aws:ec2:us-east-1:315655993037:subnet/subnet-089b28695a78dd600",
            "assign_ipv6_address_on_creation": false,
            "availability_zone": "us-east-1a",
            "availability_zone_id": "use1-az2",
            "cidr_block": "10.0.0.0/24",
            "customer_owned_ipv4_pool": "",
            "enable_dns64": false,
            "enable_lni_at_device_index": 0,
            "enable_resource_name_dns_a_record_on_launch": false,
            "enable_resource_name_dns_aaaa_record_on_launch": false,
            "id": "subnet-089b28695a78dd600",
            "ipv6_cidr_block": "",
            "ipv6_cidr_block_association_id": "",
            "ipv6_native": false,
            "map_customer_owned_ip_on_launch": false,
            "map_public_ip_on_launch": true,
            "outpost_arn": "",
            "owner_id": "315655993037",
            "private_dns_hostname_type_on_launch": "ip-name",
            "tags": {
              "Name": "plataforma-ead-public-subnet-0"
            },
            "tags_all": {
              "Name": "plataforma-ead-public-subnet-0"
            },
            "timeouts": null,
            "vpc_id": "vpc-05049c29e8bffd0fe"
          },
          "sensitive_attributes": [],
          "private": "eyJlMmJmYjczMC1lY2FhLTExZTYtOGY4OC0zNDM2M2JjN2M0YzAiOnsiY3JlYXRlIjo2MDAwMDAwMDAwMDAsImRlbGV0ZSI6MTIwMDAwMDAwMDAwMH0sInNjaGVtYV92ZXJzaW9uIjoiMSJ9",
          "dependencies": [
            "aws_vpc.new-vpc",
            "data.aws_availability_zones.available"
          ]
        },
        {
          "index_key": 1,
          "schema_version": 1,
          "attributes": {
            "arn": "arn:aws:ec2:us-east-1:315655993037:subnet/subnet-0990e85bce4194c66",
            "assign_ipv6_address_on_creation": false,
            "availability_zone": "us-east-1b",
            "availability_zone_id": "use1-az4",
            "cidr_block": "10.0.1.0/24",
            "customer_owned_ipv4_pool": "",
            "enable_dns64": false,
            "enable_lni_at_device_index": 0,
            "enable_resource_name_dns_a_record_on_launch": false,
            "enable_resource_name_dns_aaaa_record_on_launch": false,
            "id": "subnet-0990e85bce4194c66",
            "ipv6_cidr_block": "",
            "ipv6_cidr_block_association_id": "",
            "ipv6_native": false,
            "map_customer_owned_ip_on_launch": false,
            "map_public_ip_on_launch": true,
            "outpost_arn": "",
            "owner_id": "315655993037",
            "private_dns_hostname_type_on_launch": "ip-name",
            "tags": {
              "Name": "plataforma-ead-public-subnet-1"
            },
            "tags_all": {
              "Name": "plataforma-ead-public-subnet-1"
            },
            "timeouts": null,
            "vpc_id": "vpc-05049c29e8bffd0fe"
          },
          "sensitive_attributes": [],
          "private": "eyJlMmJmYjczMC1lY2FhLTExZTYtOGY4OC0zNDM2M2JjN2M0YzAiOnsiY3JlYXRlIjo2MDAwMDAwMDAwMDAsImRlbGV0ZSI6MTIwMDAwMDAwMDAwMH0sInNjaGVtYV92ZXJzaW9uIjoiMSJ9",
          "dependencies": [
            "aws_vpc.new-vpc",
            "data.aws_availability_zones.available"
          ]
        }
      ]
    },
    {
      "mode": "managed",
      "type": "aws_vpc",
      "name": "new-vpc",
      "provider": "provider[\"registry.terraform.io/hashicorp/aws\"]",
      "instances": [
        {
          "schema_version": 1,
          "attributes": {
            "arn": "arn:aws:ec2:us-east-1:315655993037:vpc/vpc-05049c29e8bffd0fe",
            "assign_generated_ipv6_cidr_block": false,
            "cidr_block": "10.0.0.0/16",
            "default_network_acl_id": "acl-0733d8ba0d10c0b5a",
            "default_route_table_id": "rtb-0dc4ebdfe67a19200",
            "default_security_group_id": "sg-01c9c019512170567",
            "dhcp_options_id": "dopt-029e9f1bfd1b3dcb6",
            "enable_dns_hostnames": false,
            "enable_dns_support": true,
            "enable_network_address_usage_metrics": false,
            "id": "vpc-05049c29e8bffd0fe",
            "instance_tenancy": "default",
            "ipv4_ipam_pool_id": null,
            "ipv4_netmask_length": null,
            "ipv6_association_id": "",
            "ipv6_cidr_block": "",
            "ipv6_cidr_block_network_border_group": "",
            "ipv6_ipam_pool_id": "",
            "ipv6_netmask_length": 0,
            "main_route_table_id": "rtb-0dc4ebdfe67a19200",
            "owner_id": "315655993037",
            "tags": {
              "Name": "plataforma-ead-vpc"
            },
            "tags_all": {
              "Name": "plataforma-ead-vpc"
            }
          },
          "sensitive_attributes": [],
          "private": "eyJzY2hlbWFfdmVyc2lvbiI6IjEifQ=="
        }
      ]
    },
    {
      "mode": "managed",
      "type": "local_file",
      "name": "kubeconfig",
      "provider": "provider[\"registry.terraform.io/hashicorp/local\"]",
      "instances": [
        {
          "schema_version": 0,
          "attributes": {
            "content": "apiVersion: v1\nclusters:\n- cluster:\n    server: https://80D125418863F93DE07F8E28071DEC0E.gr7.us-east-1.eks.amazonaws.com\n    certificate-authority-data: LS0tLS1CRUdJTiBDRVJUSUZJQ0FURS0tLS0tCk1JSURCVENDQWUyZ0F3SUJBZ0lJS084ZVdKeDhYK3d3RFFZSktvWklodmNOQVFFTEJRQXdGVEVUTUJFR0ExVUUKQXhNS2EzVmlaWEp1WlhSbGN6QWVGdzB5TXpFeE1URXhOREV4TWpGYUZ3MHpNekV4TURneE5ERTJNakZhTUJVeApFekFSQmdOVkJBTVRDbXQxWW1WeWJtVjBaWE13Z2dFaU1BMEdDU3FHU0liM0RRRUJBUVVBQTRJQkR3QXdnZ0VLCkFvSUJBUUMyNXRSU0ZDMDJOTFRHamVwc2RIRjNpb2ovaGZoQXBJaCtEcWUwTm8wRkdNdGI3ZUFXSFJ4Tm9teUoKbG43Vkg1bFdIVVJKczlKTlU5TkdmMTRmZGJZbEZ6eU1ROGtRbGFsMGhKeFppdkZWWjMwZHBYL2k5YmRzSHNsRgpxMmtneXB3RTdFMnVqYmRjWTdHdno3ZjdVb1lzcWgreDUvQ24zUm4yVWR2OVpOTHhqTGt3V0ROS09HTU1HbmhGClQ1YnVyU1lRNUxkeENpdlFvSlNZTE1NaHZsN3VZTzErako5YzIrRWNVS1I5OXNjdTJ2dkJMMEhSUjNhaTM2UGQKSitlWmQ1NUp5a1hDNDZHd0tOa0kwUW9qZ25taEF0YUN5ODdBREpaekkyNUJOTHFWekg3WDMvV09GNXhKOC84dgpwWkpSOE5QT2o3VEhtUWNoaUhRTURsQmVqUUp0QWdNQkFBR2pXVEJYTUE0R0ExVWREd0VCL3dRRUF3SUNwREFQCkJnTlZIUk1CQWY4RUJUQURBUUgvTUIwR0ExVWREZ1FXQkJRZXRpWHRhbkg3SW4zQTJaVUNPWlBmc1RlZ29qQVYKQmdOVkhSRUVEakFNZ2dwcmRXSmxjbTVsZEdWek1BMEdDU3FHU0liM0RRRUJDd1VBQTRJQkFRQWNxbVg0eHZFbApYVU44M1UzbmRBZDlMTjdmQmlvNW5HRFR0R3lCVnp5YmZ0azdOVmp3UyttaVJCOVhGdHRsbnNoQmlBb2xXeThUCkVXOWlTU2Q5cFdTN0p4d1Q3RlpYSUlnRkxyclNGdjBNbitPLzNSK2hqakhHZi9tQkN5blBlNEs4L3BKYW9nekkKQzcrVG9QZURTdHZySDVzcTVSY0wySUFoMVFMOWEzUWVDR2ZvRStVQUxZVHdqQ241em00cG8wRnM2N2h3YXYvbQpNNXFKR0hkWWtuUEo3RHZEd0kzaExvVkZDdEQvWjM3MWlJS2RvQUg1TWs0L0dKcVptcXhQYXJQaFdxRndkTmZOCmxKWm1CTTA4WlhoeGNnWVc5Z1NNWGFlWkw2M1B1dTcrazBCNlp2S1JIWnVickdxWlViTGlxQll0Q1Q3MlpMemkKYVJyTWdkdE4wMkdZCi0tLS0tRU5EIENFUlRJRklDQVRFLS0tLS0K\n  name: kubernetes\ncontexts:\n- context:\n    cluster: kubernetes\n    user: \"plataforma-ead-plataforma-ead\"\n  name: \"plataforma-ead-plataforma-ead\"\ncurrent-context: \"plataforma-ead-plataforma-ead\"\nkind: Config\npreferences: {}\nusers:\n- name: \"plataforma-ead-plataforma-ead\"\n  user:\n    exec:\n      apiVersion: client.authentication.k8s.io/v1alpha1\n      command: aws-iam-authenticator\n      args:\n        - \"token\"\n        - \"-i\"\n        - \"plataforma-ead-plataforma-ead\"\n",
            "content_base64": null,
            "content_base64sha256": "8cuUqoqvXfCJKHjl/22OH9r7SEaNSw27OT/WTZi/f1g=",
            "content_base64sha512": "ar+vn90NmxSkW6jk11rd9JLD2/gT6GR2so4Jpz2vxiGozFRp2fA7Kd4s3mge2kQ+lyyFDVrSbg7HNP3N03u2zw==",
            "content_md5": "1915a2db3bba05e9f4ea63da2e9993e9",
            "content_sha1": "dc5bff4b60a449e68b35e33dbad7c7206c560a09",
            "content_sha256": "f1cb94aa8aaf5df0892878e5ff6d8e1fdafb48468d4b0dbb393fd64d98bf7f58",
            "content_sha512": "6abfaf9fdd0d9b14a45ba8e4d75addf492c3dbf813e86476b28e09a73dafc621a8cc5469d9f03b29de2cde681eda443e972c850d5ad26e0ec734fdcdd37bb6cf",
            "directory_permission": "0777",
            "file_permission": "0777",
            "filename": "kubeconfig",
            "id": "dc5bff4b60a449e68b35e33dbad7c7206c560a09",
            "sensitive_content": null,
            "source": null
          },
          "sensitive_attributes": [],
          "dependencies": [
            "aws_cloudwatch_log_group.log",
            "aws_eks_cluster.cluster",
            "aws_iam_role.cluster",
            "aws_iam_role_policy_attachment.cluster-AmazonEKSClusterPolicy",
            "aws_iam_role_policy_attachment.cluster-AmazonEKSVPCResourceController",
            "aws_security_group.sg",
            "aws_subnet.public-subnets",
            "aws_vpc.new-vpc",
            "data.aws_availability_zones.available"
          ]
        }
      ]
    }
  ],
  "check_results": null
}
